
Microsoft Visual Studio Solution File, Format Version 12.00
# Visual Studio Version 16
VisualStudioVersion = 16.0.29230.47
MinimumVisualStudioVersion = 10.0.40219.1
Project("{9A19103F-16F7-4668-BE54-9A1E7A4F7556}") = "CSharp-Course-Intermediate", "CSharp-Course-Intermediate\CSharp-Course-Intermediate.csproj", "{9267E74C-E7BB-4832-A15C-686533A24AFA}"
EndProject
Project("{9A19103F-16F7-4668-BE54-9A1E7A4F7556}") = "MethodOverriding", "MethodOverriding\MethodOverriding.csproj", "{D5607E63-6495-4A2C-9E27-936B14F3A347}"
EndProject
Project("{9A19103F-16F7-4668-BE54-9A1E7A4F7556}") = "Testability", "Testability\Testability.csproj", "{9012BAC8-FA0E-49D4-9FC9-B551CC86DABD}"
EndProject
Project("{FAE04EC0-301F-11D3-BF4B-00C04F79EFBC}") = "Testability.UnitTests", "UnitTestProject1\Testability.UnitTests.csproj", "{1E5D39F7-78B5-48B6-876E-B64C28B29549}"
EndProject
Project("{9A19103F-16F7-4668-BE54-9A1E7A4F7556}") = "Extensibility", "Extensibility\Extensibility.csproj", "{6F0666ED-E517-4B7A-BBDE-C26B58715EEA}"
EndProject
Project("{FAE04EC0-301F-11D3-BF4B-00C04F79EFBC}") = "Inheritance-vs-Interfaces", "Inheritance-vs-Interfaces\Inheritance-vs-Interfaces.csproj", "{CD8BC72E-9DCE-479F-800C-0B4F4F1FD721}"
EndProject
Global
	GlobalSection(SolutionConfigurationPlatforms) = preSolution
		Debug|Any CPU = Debug|Any CPU
		Release|Any CPU = Release|Any CPU
	EndGlobalSection
	GlobalSection(ProjectConfigurationPlatforms) = postSolution
		{9267E74C-E7BB-4832-A15C-686533A24AFA}.Debug|Any CPU.ActiveCfg = Debug|Any CPU
		{9267E74C-E7BB-4832-A15C-686533A24AFA}.Debug|Any CPU.Build.0 = Debug|Any CPU
		{9267E74C-E7BB-4832-A15C-686533A24AFA}.Release|Any CPU.ActiveCfg = Release|Any CPU
		{9267E74C-E7BB-4832-A15C-686533A24AFA}.Release|Any CPU.Build.0 = Release|Any CPU
		{D5607E63-6495-4A2C-9E27-936B14F3A347}.Debug|Any CPU.ActiveCfg = Debug|Any CPU
		{D5607E63-6495-4A2C-9E27-936B14F3A347}.Debug|Any CPU.Build.0 = Debug|Any CPU
		{D5607E63-6495-4A2C-9E27-936B14F3A347}.Release|Any CPU.ActiveCfg = Release|Any CPU
		{D5607E63-6495-4A2C-9E27-936B14F3A347}.Release|Any CPU.Build.0 = Release|Any CPU
		{9012BAC8-FA0E-49D4-9FC9-B551CC86DABD}.Debug|Any CPU.ActiveCfg = Debug|Any CPU
		{9012BAC8-FA0E-49D4-9FC9-B551CC86DABD}.Debug|Any CPU.Build.0 = Debug|Any CPU
		{9012BAC8-FA0E-49D4-9FC9-B551CC86DABD}.Release|Any CPU.ActiveCfg = Release|Any CPU
		{9012BAC8-FA0E-49D4-9FC9-B551CC86DABD}.Release|Any CPU.Build.0 = Release|Any CPU
		{1E5D39F7-78B5-48B6-876E-B64C28B29549}.Debug|Any CPU.ActiveCfg = Debug|Any CPU
		{1E5D39F7-78B5-48B6-876E-B64C28B29549}.Debug|Any CPU.Build.0 = Debug|Any CPU
		{1E5D39F7-78B5-48B6-876E-B64C28B29549}.Release|Any CPU.ActiveCfg = Release|Any CPU
		{1E5D39F7-78B5-48B6-876E-B64C28B29549}.Release|Any CPU.Build.0 = Release|Any CPU
		{6F0666ED-E517-4B7A-BBDE-C26B58715EEA}.Debug|Any CPU.ActiveCfg = Debug|Any CPU
		{6F0666ED-E517-4B7A-BBDE-C26B58715EEA}.Debug|Any CPU.Build.0 = Debug|Any CPU
		{6F0666ED-E517-4B7A-BBDE-C26B58715EEA}.Release|Any CPU.ActiveCfg = Release|Any CPU
		{6F0666ED-E517-4B7A-BBDE-C26B58715EEA}.Release|Any CPU.Build.0 = Release|Any CPU
		{CD8BC72E-9DCE-479F-800C-0B4F4F1FD721}.Debug|Any CPU.ActiveCfg = Debug|Any CPU
		{CD8BC72E-9DCE-479F-800C-0B4F4F1FD721}.Debug|Any CPU.Build.0 = Debug|Any CPU
		{CD8BC72E-9DCE-479F-800C-0B4F4F1FD721}.Release|Any CPU.ActiveCfg = Release|Any CPU
		{CD8BC72E-9DCE-479F-800C-0B4F4F1FD721}.Release|Any CPU.Build.0 = Release|Any CPU
	EndGlobalSection
	GlobalSection(SolutionProperties) = preSolution
		HideSolutionNode = FALSE
	EndGlobalSection
	GlobalSection(ExtensibilityGlobals) = postSolution
		SolutionGuid = {802E6E39-3961-4888-B170-134D7DF64141}
	EndGlobalSection
EndGlobal
